
Microsoft Visual Studio Solution File, Format Version 12.00
# Visual Studio Version 16
VisualStudioVersion = 16.0.30804.86
MinimumVisualStudioVersion = 10.0.40219.1
Project("{FAE04EC0-301F-11D3-BF4B-00C04F79EFBC}") = "weatherTrial.Android", "weatherTrial.Android\weatherTrial.Android.csproj", "{83A404BB-B66D-4A87-8A4C-4BC4EDAF7EF1}"
EndProject
Project("{FAE04EC0-301F-11D3-BF4B-00C04F79EFBC}") = "weatherTrial", "weatherTrial\weatherTrial.csproj", "{B6725792-43F1-4595-A288-C4B37A463C98}"
EndProject
Global
	GlobalSection(SolutionConfigurationPlatforms) = preSolution
		Debug|Any CPU = Debug|Any CPU
		Release|Any CPU = Release|Any CPU
	EndGlobalSection
	GlobalSection(ProjectConfigurationPlatforms) = postSolution
		{83A404BB-B66D-4A87-8A4C-4BC4EDAF7EF1}.Debug|Any CPU.ActiveCfg = Debug|Any CPU
		{83A404BB-B66D-4A87-8A4C-4BC4EDAF7EF1}.Debug|Any CPU.Build.0 = Debug|Any CPU
		{83A404BB-B66D-4A87-8A4C-4BC4EDAF7EF1}.Debug|Any CPU.Deploy.0 = Debug|Any CPU
		{83A404BB-B66D-4A87-8A4C-4BC4EDAF7EF1}.Release|Any CPU.ActiveCfg = Release|Any CPU
		{83A404BB-B66D-4A87-8A4C-4BC4EDAF7EF1}.Release|Any CPU.Build.0 = Release|Any CPU
		{83A404BB-B66D-4A87-8A4C-4BC4EDAF7EF1}.Release|Any CPU.Deploy.0 = Release|Any CPU
		{B6725792-43F1-4595-A288-C4B37A463C98}.Debug|Any CPU.ActiveCfg = Debug|Any CPU
		{B6725792-43F1-4595-A288-C4B37A463C98}.Debug|Any CPU.Build.0 = Debug|Any CPU
		{B6725792-43F1-4595-A288-C4B37A463C98}.Debug|Any CPU.Deploy.0 = Debug|Any CPU
		{B6725792-43F1-4595-A288-C4B37A463C98}.Release|Any CPU.ActiveCfg = Release|Any CPU
		{B6725792-43F1-4595-A288-C4B37A463C98}.Release|Any CPU.Build.0 = Release|Any CPU
		{B6725792-43F1-4595-A288-C4B37A463C98}.Release|Any CPU.Deploy.0 = Release|Any CPU
	EndGlobalSection
	GlobalSection(SolutionProperties) = preSolution
		HideSolutionNode = FALSE
	EndGlobalSection
	GlobalSection(ExtensibilityGlobals) = postSolution
		SolutionGuid = {7CF65DBB-B61A-4F7B-ABB0-0463F6EC5E3A}
	EndGlobalSection
EndGlobal
